// !$*UTF8*$!
{
	archiveVersion = 1;
	classes = {
	};
	objectVersion = 77;
	objects = {

/* Begin PBXBuildFile section */
		387EB8D7209FA0CBFF8BE0D4 /* BlockController.swift in Sources */ = {isa = PBXBuildFile; fileRef = 172491D9ABFC7DC53BDFC47A /* BlockController.swift */; };
		482B0DFC66644D90EA1E7949 /* ContentView.swift in Sources */ = {isa = PBXBuildFile; fileRef = 7F1E13F9D4FE0CFE72FC213E /* ContentView.swift */; };
		4B626DEBD73A2C994B67A37A /* AuthView.swift in Sources */ = {isa = PBXBuildFile; fileRef = 22E1041E494E3A030172B107 /* AuthView.swift */; };
		C2EAD36D7887B4F6CB0958BC /* NoxApp.swift in Sources */ = {isa = PBXBuildFile; fileRef = 2D47FE31998019A7B88CAA7B /* NoxApp.swift */; };
		C7AC9FB6DD10B822B37C4FAA /* Theme.swift in Sources */ = {isa = PBXBuildFile; fileRef = D8AA9566C428C9B59301E47A /* Theme.swift */; };
		CDFFCDEEE2B7FC29F713F16C /* BlocklistView.swift in Sources */ = {isa = PBXBuildFile; fileRef = 86A80F85BC796848A6EA5ABF /* BlocklistView.swift */; };
/* End PBXBuildFile section */

/* Begin PBXFileReference section */
		172491D9ABFC7DC53BDFC47A /* BlockController.swift */ = {isa = PBXFileReference; lastKnownFileType = sourcecode.swift; path = BlockController.swift; sourceTree = "<group>"; };
		22E1041E494E3A030172B107 /* AuthView.swift */ = {isa = PBXFileReference; lastKnownFileType = sourcecode.swift; path = AuthView.swift; sourceTree = "<group>"; };
		2D47FE31998019A7B88CAA7B /* NoxApp.swift */ = {isa = PBXFileReference; lastKnownFileType = sourcecode.swift; path = NoxApp.swift; sourceTree = "<group>"; };
		2F3FF190D90F26576BF2A295 /* Nox.entitlements */ = {isa = PBXFileReference; lastKnownFileType = text.plist.entitlements; path = Nox.entitlements; sourceTree = "<group>"; };
		475E664DFD85CF66BE96E6FB /* Info.plist */ = {isa = PBXFileReference; lastKnownFileType = text.plist; path = Info.plist; sourceTree = "<group>"; };
		7F1E13F9D4FE0CFE72FC213E /* ContentView.swift */ = {isa = PBXFileReference; lastKnownFileType = sourcecode.swift; path = ContentView.swift; sourceTree = "<group>"; };
		86A80F85BC796848A6EA5ABF /* BlocklistView.swift */ = {isa = PBXFileReference; lastKnownFileType = sourcecode.swift; path = BlocklistView.swift; sourceTree = "<group>"; };
		914E4F12CC47002B9A3EF281 /* Nox.app */ = {isa = PBXFileReference; explicitFileType = wrapper.application; includeInIndex = 0; path = Nox.app; sourceTree = BUILT_PRODUCTS_DIR; };
		D8AA9566C428C9B59301E47A /* Theme.swift */ = {isa = PBXFileReference; lastKnownFileType = sourcecode.swift; path = Theme.swift; sourceTree = "<group>"; };
/* End PBXFileReference section */

/* Begin PBXGroup section */
		175096EC7F955B6BC08A1704 /* Nox */ = {
			isa = PBXGroup;
			children = (
				172491D9ABFC7DC53BDFC47A /* BlockController.swift */,
				7F1E13F9D4FE0CFE72FC213E /* ContentView.swift */,
				475E664DFD85CF66BE96E6FB /* Info.plist */,
				2F3FF190D90F26576BF2A295 /* Nox.entitlements */,
				2D47FE31998019A7B88CAA7B /* NoxApp.swift */,
				D8AA9566C428C9B59301E47A /* Theme.swift */,
				649148672A0FB0632897891B /* Views */,
			);
			path = Nox;
			sourceTree = "<group>";
		};
		182479C748286B3D2102D684 = {
			isa = PBXGroup;
			children = (
				175096EC7F955B6BC08A1704 /* Nox */,
				A7DB9B13040B4DAD6E49164F /* Products */,
			);
			sourceTree = "<group>";
		};
		649148672A0FB0632897891B /* Views */ = {
			isa = PBXGroup;
			children = (
				22E1041E494E3A030172B107 /* AuthView.swift */,
				86A80F85BC796848A6EA5ABF /* BlocklistView.swift */,
			);
			path = Views;
			sourceTree = "<group>";
		};
		A7DB9B13040B4DAD6E49164F /* Products */ = {
			isa = PBXGroup;
			children = (
				914E4F12CC47002B9A3EF281 /* Nox.app */,
			);
			name = Products;
			sourceTree = "<group>";
		};
/* End PBXGroup section */

/* Begin PBXNativeTarget section */
		FC8A6713755DF2E45F6AC9C1 /* Nox */ = {
			isa = PBXNativeTarget;
			buildConfigurationList = C52B2EBA082586FD534B1AE6 /* Build configuration list for PBXNativeTarget "Nox" */;
			buildPhases = (
				ADF3AD432DDC0305AE12A3D9 /* Sources */,
			);
			buildRules = (
			);
			dependencies = (
			);
			name = Nox;
			packageProductDependencies = (
			);
			productName = Nox;
			productReference = 914E4F12CC47002B9A3EF281 /* Nox.app */;
			productType = "com.apple.product-type.application";
		};
/* End PBXNativeTarget section */

/* Begin PBXProject section */
		AA58697108A1BB090C48E41B /* Project object */ = {
			isa = PBXProject;
			attributes = {
				BuildIndependentTargetsInParallel = YES;
				LastUpgradeCheck = 1600;
			};
			buildConfigurationList = D2789062E1ADCA85F18E52E2 /* Build configuration list for PBXProject "Nox" */;
			developmentRegion = en;
			hasScannedForEncodings = 0;
			knownRegions = (
				Base,
				en,
			);
			mainGroup = 182479C748286B3D2102D684;
			minimizedProjectReferenceProxies = 1;
			preferredProjectObjectVersion = 77;
			productRefGroup = A7DB9B13040B4DAD6E49164F /* Products */;
			projectDirPath = "";
			projectRoot = "";
			targets = (
				FC8A6713755DF2E45F6AC9C1 /* Nox */,
			);
		};
/* End PBXProject section */

/* Begin PBXSourcesBuildPhase section */
		ADF3AD432DDC0305AE12A3D9 /* Sources */ = {
			isa = PBXSourcesBuildPhase;
			buildActionMask = 2147483647;
			files = (
				4B626DEBD73A2C994B67A37A /* AuthView.swift in Sources */,
				387EB8D7209FA0CBFF8BE0D4 /* BlockController.swift in Sources */,
				CDFFCDEEE2B7FC29F713F16C /* BlocklistView.swift in Sources */,
				482B0DFC66644D90EA1E7949 /* ContentView.swift in Sources */,
				C2EAD36D7887B4F6CB0958BC /* NoxApp.swift in Sources */,
				C7AC9FB6DD10B822B37C4FAA /* Theme.swift in Sources */,
			);
			runOnlyForDeploymentPostprocessing = 0;
		};
/* End PBXSourcesBuildPhase section */

/* Begin XCBuildConfiguration section */
		3B2DB56A4AC24F4336AB6E02 /* Release */ = {
			isa = XCBuildConfiguration;
			buildSettings = {
				ASSETCATALOG_COMPILER_APPICON_NAME = AppIcon;
				CODE_SIGN_ENTITLEMENTS = Nox/Nox.entitlements;
				CODE_SIGN_IDENTITY = "iPhone Developer";
				DEVELOPMENT_TEAM = L6AHAHH77B;
				INFOPLIST_FILE = Nox/Info.plist;
				INFOPLIST_KEY_UIApplicationSceneManifest_Generation = YES;
				LD_RUNPATH_SEARCH_PATHS = (
					"$(inherited)",
					"@executable_path/Frameworks",
				);
				PRODUCT_BUNDLE_IDENTIFIER = com.samuelellis.nox;
				SDKROOT = iphoneos;
				SWIFT_VERSION = 5.10;
				TARGETED_DEVICE_FAMILY = "1,2";
			};
			name = Release;
		};
		50B77C63C1FD73228E396930 /* Debug */ = {
			isa = XCBuildConfiguration;
			buildSettings = {
				ALWAYS_SEARCH_USER_PATHS = NO;
				CLANG_ANALYZER_NONNULL = YES;
				CLANG_ANALYZER_NUMBER_OBJECT_CONVERSION = YES_AGGRESSIVE;
				CLANG_CXX_LANGUAGE_STANDARD = "gnu++14";
				CLANG_CXX_LIBRARY = "libc++";
				CLANG_ENABLE_MODULES = YES;
				CLANG_ENABLE_OBJC_ARC = YES;
				CLANG_ENABLE_OBJC_WEAK = YES;
				CLANG_WARN_BLOCK_CAPTURE_AUTORELEASING = YES;
				CLANG_WARN_BOOL_CONVERSION = YES;
				CLANG_WARN_COMMA = YES;
				CLANG_WARN_CONSTANT_CONVERSION = YES;
				CLANG_WARN_DEPRECATED_OBJC_IMPLEMENTATIONS = YES;
				CLANG_WARN_DIRECT_OBJC_ISA_USAGE = YES_ERROR;
				CLANG_WARN_DOCUMENTATION_COMMENTS = YES;
				CLANG_WARN_EMPTY_BODY = YES;
				CLANG_WARN_ENUM_CONVERSION = YES;
				CLANG_WARN_INFINITE_RECURSION = YES;
				CLANG_WARN_INT_CONVERSION = YES;
				CLANG_WARN_NON_LITERAL_NULL_CONVERSION = YES;
				CLANG_WARN_OBJC_IMPLICIT_RETAIN_SELF = YES;
				CLANG_WARN_OBJC_LITERAL_CONVERSION = YES;
				CLANG_WARN_OBJC_ROOT_CLASS = YES_ERROR;
				CLANG_WARN_QUOTED_INCLUDE_IN_FRAMEWORK_HEADER = YES;
				CLANG_WARN_RANGE_LOOP_ANALYSIS = YES;
				CLANG_WARN_STRICT_PROTOTYPES = YES;
				CLANG_WARN_SUSPICIOUS_MOVE = YES;
				CLANG_WARN_UNGUARDED_AVAILABILITY = YES_AGGRESSIVE;
				CLANG_WARN_UNREACHABLE_CODE = YES;
				CLANG_WARN__DUPLICATE_METHOD_MATCH = YES;
				COPY_PHASE_STRIP = NO;
				DEBUG_INFORMATION_FORMAT = dwarf;
				ENABLE_STRICT_OBJC_MSGSEND = YES;
				ENABLE_TESTABILITY = YES;
				GCC_C_LANGUAGE_STANDARD = gnu11;
				GCC_DYNAMIC_NO_PIC = NO;
				GCC_NO_COMMON_BLOCKS = YES;
				GCC_OPTIMIZATION_LEVEL = 0;
				GCC_PREPROCESSOR_DEFINITIONS = (
					"$(inherited)",
					"DEBUG=1",
				);
				GCC_WARN_64_TO_32_BIT_CONVERSION = YES;
				GCC_WARN_ABOUT_RETURN_TYPE = YES_ERROR;
				GCC_WARN_UNDECLARED_SELECTOR = YES;
				GCC_WARN_UNINITIALIZED_AUTOS = YES_AGGRESSIVE;
				GCC_WARN_UNUSED_FUNCTION = YES;
				GCC_WARN_UNUSED_VARIABLE = YES;
				IPHONEOS_DEPLOYMENT_TARGET = 16.0;
				MTL_ENABLE_DEBUG_INFO = INCLUDE_SOURCE;
				MTL_FAST_MATH = YES;
				ONLY_ACTIVE_ARCH = YES;
				PRODUCT_NAME = "$(TARGET_NAME)";
				SDKROOT = iphoneos;
				SWIFT_ACTIVE_COMPILATION_CONDITIONS = DEBUG;
				SWIFT_OPTIMIZATION_LEVEL = "-Onone";
				SWIFT_VERSION = 5.0;
			};
			name = Debug;
		};
		5FED67DC114BA3E99321629E /* Debug */ = {
			isa = XCBuildConfiguration;
			buildSettings = {
				ASSETCATALOG_COMPILER_APPICON_NAME = AppIcon;
				CODE_SIGN_ENTITLEMENTS = Nox/Nox.entitlements;
				CODE_SIGN_IDENTITY = "iPhone Developer";
				DEVELOPMENT_TEAM = L6AHAHH77B;
				INFOPLIST_FILE = Nox/Info.plist;
				INFOPLIST_KEY_UIApplicationSceneManifest_Generation = YES;
				LD_RUNPATH_SEARCH_PATHS = (
					"$(inherited)",
					"@executable_path/Frameworks",
				);
				PRODUCT_BUNDLE_IDENTIFIER = com.samuelellis.nox;
				SDKROOT = iphoneos;
				SWIFT_VERSION = 5.10;
				TARGETED_DEVICE_FAMILY = "1,2";
			};
			name = Debug;
		};
		68998715B681D153534DF8BD /* Release */ = {
			isa = XCBuildConfiguration;
			buildSettings = {
				ALWAYS_SEARCH_USER_PATHS = NO;
				CLANG_ANALYZER_NONNULL = YES;
				CLANG_ANALYZER_NUMBER_OBJECT_CONVERSION = YES_AGGRESSIVE;
				CLANG_CXX_LANGUAGE_STANDARD = "gnu++14";
				CLANG_CXX_LIBRARY = "libc++";
				CLANG_ENABLE_MODULES = YES;
				CLANG_ENABLE_OBJC_ARC = YES;
				CLANG_ENABLE_OBJC_WEAK = YES;
				CLANG_WARN_BLOCK_CAPTURE_AUTORELEASING = YES;
				CLANG_WARN_BOOL_CONVERSION = YES;
				CLANG_WARN_COMMA = YES;
				CLANG_WARN_CONSTANT_CONVERSION = YES;
				CLANG_WARN_DEPRECATED_OBJC_IMPLEMENTATIONS = YES;
				CLANG_WARN_DIRECT_OBJC_ISA_USAGE = YES_ERROR;
				CLANG_WARN_DOCUMENTATION_COMMENTS = YES;
				CLANG_WARN_EMPTY_BODY = YES;
				CLANG_WARN_ENUM_CONVERSION = YES;
				CLANG_WARN_INFINITE_RECURSION = YES;
				CLANG_WARN_INT_CONVERSION = YES;
				CLANG_WARN_NON_LITERAL_NULL_CONVERSION = YES;
				CLANG_WARN_OBJC_IMPLICIT_RETAIN_SELF = YES;
				CLANG_WARN_OBJC_LITERAL_CONVERSION = YES;
				CLANG_WARN_OBJC_ROOT_CLASS = YES_ERROR;
				CLANG_WARN_QUOTED_INCLUDE_IN_FRAMEWORK_HEADER = YES;
				CLANG_WARN_RANGE_LOOP_ANALYSIS = YES;
				CLANG_WARN_STRICT_PROTOTYPES = YES;
				CLANG_WARN_SUSPICIOUS_MOVE = YES;
				CLANG_WARN_UNGUARDED_AVAILABILITY = YES_AGGRESSIVE;
				CLANG_WARN_UNREACHABLE_CODE = YES;
				CLANG_WARN__DUPLICATE_METHOD_MATCH = YES;
				COPY_PHASE_STRIP = NO;
				DEBUG_INFORMATION_FORMAT = "dwarf-with-dsym";
				ENABLE_NS_ASSERTIONS = NO;
				ENABLE_STRICT_OBJC_MSGSEND = YES;
				GCC_C_LANGUAGE_STANDARD = gnu11;
				GCC_NO_COMMON_BLOCKS = YES;
				GCC_WARN_64_TO_32_BIT_CONVERSION = YES;
				GCC_WARN_ABOUT_RETURN_TYPE = YES_ERROR;
				GCC_WARN_UNDECLARED_SELECTOR = YES;
				GCC_WARN_UNINITIALIZED_AUTOS = YES_AGGRESSIVE;
				GCC_WARN_UNUSED_FUNCTION = YES;
				GCC_WARN_UNUSED_VARIABLE = YES;
				IPHONEOS_DEPLOYMENT_TARGET = 16.0;
				MTL_ENABLE_DEBUG_INFO = NO;
				MTL_FAST_MATH = YES;
				PRODUCT_NAME = "$(TARGET_NAME)";
				SDKROOT = iphoneos;
				SWIFT_COMPILATION_MODE = wholemodule;
				SWIFT_OPTIMIZATION_LEVEL = "-O";
				SWIFT_VERSION = 5.0;
			};
			name = Release;
		};
/* End XCBuildConfiguration section */

/* Begin XCConfigurationList section */
		C52B2EBA082586FD534B1AE6 /* Build configuration list for PBXNativeTarget "Nox" */ = {
			isa = XCConfigurationList;
			buildConfigurations = (
				5FED67DC114BA3E99321629E /* Debug */,
				3B2DB56A4AC24F4336AB6E02 /* Release */,
			);
			defaultConfigurationIsVisible = 0;
			defaultConfigurationName = Debug;
		};
		D2789062E1ADCA85F18E52E2 /* Build configuration list for PBXProject "Nox" */ = {
			isa = XCConfigurationList;
			buildConfigurations = (
				50B77C63C1FD73228E396930 /* Debug */,
				68998715B681D153534DF8BD /* Release */,
			);
			defaultConfigurationIsVisible = 0;
			defaultConfigurationName = Debug;
		};
/* End XCConfigurationList section */
	};
	rootObject = AA58697108A1BB090C48E41B /* Project object */;
}
